
Microsoft Visual Studio Solution File, Format Version 12.00
# Visual Studio 15
VisualStudioVersion = 15.0.28010.2036
MinimumVisualStudioVersion = 10.0.40219.1
Project("{FAE04EC0-301F-11D3-BF4B-00C04F79EFBC}") = "ProjetoJogoAge", "ProjetoJogoAge\ProjetoJogoAge.csproj", "{35938BB2-1810-4F59-A359-B9C4DD5CBFF9}"
EndProject
Global
	GlobalSection(SolutionConfigurationPlatforms) = preSolution
		Debug|Any CPU = Debug|Any CPU
		Release|Any CPU = Release|Any CPU
	EndGlobalSection
	GlobalSection(ProjectConfigurationPlatforms) = postSolution
		{35938BB2-1810-4F59-A359-B9C4DD5CBFF9}.Debug|Any CPU.ActiveCfg = Debug|Any CPU
		{35938BB2-1810-4F59-A359-B9C4DD5CBFF9}.Debug|Any CPU.Build.0 = Debug|Any CPU
		{35938BB2-1810-4F59-A359-B9C4DD5CBFF9}.Release|Any CPU.ActiveCfg = Release|Any CPU
		{35938BB2-1810-4F59-A359-B9C4DD5CBFF9}.Release|Any CPU.Build.0 = Release|Any CPU
	EndGlobalSection
	GlobalSection(SolutionProperties) = preSolution
		HideSolutionNode = FALSE
	EndGlobalSection
	GlobalSection(ExtensibilityGlobals) = postSolution
		SolutionGuid = {A7F2DE34-062E-4DB5-B02A-E66F0CABDEB4}
	EndGlobalSection
EndGlobal
